
Microsoft Visual Studio Solution File, Format Version 12.00
# Visual Studio 2013
VisualStudioVersion = 12.0.21005.1
MinimumVisualStudioVersion = 10.0.40219.1
Project("{FAE04EC0-301F-11D3-BF4B-00C04F79EFBC}") = "MvcApplication1", "MvcApplication1.csproj", "{304C58E0-387A-44C8-990F-E21A62A56CA0}"
EndProject
Project("{FAE04EC0-301F-11D3-BF4B-00C04F79EFBC}") = "mongotest", "..\mongotest\mongotest.csproj", "{C3D75363-0EEA-4693-BD33-6092596FF911}"
EndProject
Global
	GlobalSection(SolutionConfigurationPlatforms) = preSolution
		Debug|Any CPU = Debug|Any CPU
		Release|Any CPU = Release|Any CPU
	EndGlobalSection
	GlobalSection(ProjectConfigurationPlatforms) = postSolution
		{304C58E0-387A-44C8-990F-E21A62A56CA0}.Debug|Any CPU.ActiveCfg = Debug|Any CPU
		{304C58E0-387A-44C8-990F-E21A62A56CA0}.Debug|Any CPU.Build.0 = Debug|Any CPU
		{304C58E0-387A-44C8-990F-E21A62A56CA0}.Release|Any CPU.ActiveCfg = Release|Any CPU
		{304C58E0-387A-44C8-990F-E21A62A56CA0}.Release|Any CPU.Build.0 = Release|Any CPU
		{C3D75363-0EEA-4693-BD33-6092596FF911}.Debug|Any CPU.ActiveCfg = Debug|Any CPU
		{C3D75363-0EEA-4693-BD33-6092596FF911}.Debug|Any CPU.Build.0 = Debug|Any CPU
		{C3D75363-0EEA-4693-BD33-6092596FF911}.Release|Any CPU.ActiveCfg = Release|Any CPU
		{C3D75363-0EEA-4693-BD33-6092596FF911}.Release|Any CPU.Build.0 = Release|Any CPU
	EndGlobalSection
	GlobalSection(SolutionProperties) = preSolution
		HideSolutionNode = FALSE
	EndGlobalSection
EndGlobal
